
Microsoft Visual Studio Solution File, Format Version 12.00
# Visual Studio Version 17
VisualStudioVersion = 17.4.33122.133
MinimumVisualStudioVersion = 10.0.40219.1
Project("{FAE04EC0-301F-11D3-BF4B-00C04F79EFBC}") = "Aula.Pratica.Semana11.Api", "Aula.Pratica.Semana11.Api\Aula.Pratica.Semana11.Api.csproj", "{ECFBDBCC-E8A2-4F4C-A2BB-E323258FAAE6}"
EndProject
Global
	GlobalSection(SolutionConfigurationPlatforms) = preSolution
		Debug|Any CPU = Debug|Any CPU
		Release|Any CPU = Release|Any CPU
	EndGlobalSection
	GlobalSection(ProjectConfigurationPlatforms) = postSolution
		{ECFBDBCC-E8A2-4F4C-A2BB-E323258FAAE6}.Debug|Any CPU.ActiveCfg = Debug|Any CPU
		{ECFBDBCC-E8A2-4F4C-A2BB-E323258FAAE6}.Debug|Any CPU.Build.0 = Debug|Any CPU
		{ECFBDBCC-E8A2-4F4C-A2BB-E323258FAAE6}.Release|Any CPU.ActiveCfg = Release|Any CPU
		{ECFBDBCC-E8A2-4F4C-A2BB-E323258FAAE6}.Release|Any CPU.Build.0 = Release|Any CPU
	EndGlobalSection
	GlobalSection(SolutionProperties) = preSolution
		HideSolutionNode = FALSE
	EndGlobalSection
	GlobalSection(ExtensibilityGlobals) = postSolution
		SolutionGuid = {4687FD75-8CF9-4644-9182-FD69002FA171}
	EndGlobalSection
EndGlobal
